
Microsoft Visual Studio Solution File, Format Version 12.00
# Visual Studio Version 17
VisualStudioVersion = 17.4.33403.182
MinimumVisualStudioVersion = 10.0.40219.1
Project("{FAE04EC0-301F-11D3-BF4B-00C04F79EFBC}") = "QuanLyCauLacBo", "QuanLyCauLacBo\QuanLyCauLacBo.csproj", "{A0E183F7-6CC6-4899-9AE3-8124A22F084C}"
EndProject
Global
	GlobalSection(SolutionConfigurationPlatforms) = preSolution
		Debug|Any CPU = Debug|Any CPU
		Release|Any CPU = Release|Any CPU
	EndGlobalSection
	GlobalSection(ProjectConfigurationPlatforms) = postSolution
		{A0E183F7-6CC6-4899-9AE3-8124A22F084C}.Debug|Any CPU.ActiveCfg = Debug|Any CPU
		{A0E183F7-6CC6-4899-9AE3-8124A22F084C}.Debug|Any CPU.Build.0 = Debug|Any CPU
		{A0E183F7-6CC6-4899-9AE3-8124A22F084C}.Release|Any CPU.ActiveCfg = Release|Any CPU
		{A0E183F7-6CC6-4899-9AE3-8124A22F084C}.Release|Any CPU.Build.0 = Release|Any CPU
	EndGlobalSection
	GlobalSection(SolutionProperties) = preSolution
		HideSolutionNode = FALSE
	EndGlobalSection
	GlobalSection(ExtensibilityGlobals) = postSolution
		SolutionGuid = {C801DC48-6B23-4521-AC15-ED90B67CA2F3}
	EndGlobalSection
EndGlobal
